// !$*UTF8*$!
{
	archiveVersion = 1;
	classes = {
	};
	objectVersion = 46;
	objects = {

/* Begin PBXBuildFile section */
		807D87C5D14EF26C41442901 /* Pods.framework in Frameworks */ = {isa = PBXBuildFile; fileRef = E5689B9AF37A17BFC23848B4 /* Pods.framework */; settings = {ATTRIBUTES = (Weak, ); }; };
		A45C12F01C7168AA0004D7F4 /* AppDelegate.swift in Sources */ = {isa = PBXBuildFile; fileRef = A45C12EF1C7168AA0004D7F4 /* AppDelegate.swift */; };
		A45C12F51C7168AA0004D7F4 /* Main.storyboard in Resources */ = {isa = PBXBuildFile; fileRef = A45C12F31C7168AA0004D7F4 /* Main.storyboard */; };
		A45C12F71C7168AA0004D7F4 /* Assets.xcassets in Resources */ = {isa = PBXBuildFile; fileRef = A45C12F61C7168AA0004D7F4 /* Assets.xcassets */; };
		A45C12FA1C7168AA0004D7F4 /* LaunchScreen.storyboard in Resources */ = {isa = PBXBuildFile; fileRef = A45C12F81C7168AA0004D7F4 /* LaunchScreen.storyboard */; };
		A45C13041C716B730004D7F4 /* HBLoginViewController.swift in Sources */ = {isa = PBXBuildFile; fileRef = A45C13031C716B730004D7F4 /* HBLoginViewController.swift */; };
		A45C13081C717E800004D7F4 /* 1.png in Resources */ = {isa = PBXBuildFile; fileRef = A45C13071C717E800004D7F4 /* 1.png */; };
		A45C130F1C72BF7F0004D7F4 /* DKLiveBlurView.m in Sources */ = {isa = PBXBuildFile; fileRef = A45C130E1C72BF7F0004D7F4 /* DKLiveBlurView.m */; };
		A45C13171C72D5CE0004D7F4 /* HBCommon.swift in Sources */ = {isa = PBXBuildFile; fileRef = A45C13161C72D5CE0004D7F4 /* HBCommon.swift */; };
		A45C131A1C72D69B0004D7F4 /* UIKit.framework in Frameworks */ = {isa = PBXBuildFile; fileRef = A45C13191C72D69B0004D7F4 /* UIKit.framework */; };
		A45C131C1C72D6A10004D7F4 /* Foundation.framework in Frameworks */ = {isa = PBXBuildFile; fileRef = A45C131B1C72D6A10004D7F4 /* Foundation.framework */; };
		A45C132F1C7313890004D7F4 /* Constraint.swift in Sources */ = {isa = PBXBuildFile; fileRef = A45C13211C7313890004D7F4 /* Constraint.swift */; };
		A45C13301C7313890004D7F4 /* ConstraintAttributes.swift in Sources */ = {isa = PBXBuildFile; fileRef = A45C13221C7313890004D7F4 /* ConstraintAttributes.swift */; };
		A45C13311C7313890004D7F4 /* ConstraintDescription.swift in Sources */ = {isa = PBXBuildFile; fileRef = A45C13231C7313890004D7F4 /* ConstraintDescription.swift */; };
		A45C13321C7313890004D7F4 /* ConstraintItem.swift in Sources */ = {isa = PBXBuildFile; fileRef = A45C13241C7313890004D7F4 /* ConstraintItem.swift */; };
		A45C13331C7313890004D7F4 /* ConstraintMaker.swift in Sources */ = {isa = PBXBuildFile; fileRef = A45C13251C7313890004D7F4 /* ConstraintMaker.swift */; };
		A45C13341C7313890004D7F4 /* ConstraintRelation.swift in Sources */ = {isa = PBXBuildFile; fileRef = A45C13261C7313890004D7F4 /* ConstraintRelation.swift */; };
		A45C13351C7313890004D7F4 /* Debugging.swift in Sources */ = {isa = PBXBuildFile; fileRef = A45C13271C7313890004D7F4 /* Debugging.swift */; };
		A45C13361C7313890004D7F4 /* EdgeInsets.swift in Sources */ = {isa = PBXBuildFile; fileRef = A45C13281C7313890004D7F4 /* EdgeInsets.swift */; };
		A45C13371C7313890004D7F4 /* LayoutConstraint.swift in Sources */ = {isa = PBXBuildFile; fileRef = A45C13291C7313890004D7F4 /* LayoutConstraint.swift */; };
		A45C13381C7313890004D7F4 /* SnapKit.swift in Sources */ = {isa = PBXBuildFile; fileRef = A45C132A1C7313890004D7F4 /* SnapKit.swift */; };
		A45C13391C7313890004D7F4 /* View+SnapKit.swift in Sources */ = {isa = PBXBuildFile; fileRef = A45C132B1C7313890004D7F4 /* View+SnapKit.swift */; };
		A45C133A1C7313890004D7F4 /* ViewController+SnapKit.swift in Sources */ = {isa = PBXBuildFile; fileRef = A45C132C1C7313890004D7F4 /* ViewController+SnapKit.swift */; };
		A45C133C1C732A310004D7F4 /* HBAuthViewController.swift in Sources */ = {isa = PBXBuildFile; fileRef = A45C133B1C732A310004D7F4 /* HBAuthViewController.swift */; };
		A45C133E1C740ABD0004D7F4 /* HBBaseViewController.swift in Sources */ = {isa = PBXBuildFile; fileRef = A45C133D1C740ABD0004D7F4 /* HBBaseViewController.swift */; };
		A45C13411C741F510004D7F4 /* UIColor+Extension.m in Sources */ = {isa = PBXBuildFile; fileRef = A45C13401C741F510004D7F4 /* UIColor+Extension.m */; };
		A45C13461C745F460004D7F4 /* CoreLocation.framework in Frameworks */ = {isa = PBXBuildFile; fileRef = A45C13451C745F460004D7F4 /* CoreLocation.framework */; };
		A45C13481C745F520004D7F4 /* SystemConfiguration.framework in Frameworks */ = {isa = PBXBuildFile; fileRef = A45C13471C745F520004D7F4 /* SystemConfiguration.framework */; };
		A45C134A1C745F5A0004D7F4 /* CoreData.framework in Frameworks */ = {isa = PBXBuildFile; fileRef = A45C13491C745F5A0004D7F4 /* CoreData.framework */; };
		A45C134C1C745F620004D7F4 /* CFNetwork.framework in Frameworks */ = {isa = PBXBuildFile; fileRef = A45C134B1C745F620004D7F4 /* CFNetwork.framework */; };
		A45C134E1C745F700004D7F4 /* libresolv.9.tbd in Frameworks */ = {isa = PBXBuildFile; fileRef = A45C134D1C745F700004D7F4 /* libresolv.9.tbd */; };
		A45C13501C745F780004D7F4 /* libxml2.2.tbd in Frameworks */ = {isa = PBXBuildFile; fileRef = A45C134F1C745F780004D7F4 /* libxml2.2.tbd */; };
		A45C13521C745F820004D7F4 /* CoreGraphics.framework in Frameworks */ = {isa = PBXBuildFile; fileRef = A45C13511C745F820004D7F4 /* CoreGraphics.framework */; };
		A45C13541C7467A50004D7F4 /* HBCenterController.swift in Sources */ = {isa = PBXBuildFile; fileRef = A45C13531C7467A50004D7F4 /* HBCenterController.swift */; };
		A45C13571C74719E0004D7F4 /* HBMessage.swift in Sources */ = {isa = PBXBuildFile; fileRef = A45C13561C74719E0004D7F4 /* HBMessage.swift */; };
		A45C13591C7472A70004D7F4 /* HBUserStatusDelegate.swift in Sources */ = {isa = PBXBuildFile; fileRef = A45C13581C7472A70004D7F4 /* HBUserStatusDelegate.swift */; };
		A45C135B1C7472BA0004D7F4 /* HBMessageDelegate.swift in Sources */ = {isa = PBXBuildFile; fileRef = A45C135A1C7472BA0004D7F4 /* HBMessageDelegate.swift */; };
		A45C135D1C756E200004D7F4 /* HBContactsViewController.swift in Sources */ = {isa = PBXBuildFile; fileRef = A45C135C1C756E200004D7F4 /* HBContactsViewController.swift */; };
		A45C13651C7590FC0004D7F4 /* tab4_normal@2x.png in Resources */ = {isa = PBXBuildFile; fileRef = A45C13611C7590FC0004D7F4 /* tab4_normal@2x.png */; };
		A45C13661C7590FC0004D7F4 /* tab4_normal@3x.png in Resources */ = {isa = PBXBuildFile; fileRef = A45C13621C7590FC0004D7F4 /* tab4_normal@3x.png */; };
		A45C13671C7590FC0004D7F4 /* tab4_selected@2x.png in Resources */ = {isa = PBXBuildFile; fileRef = A45C13631C7590FC0004D7F4 /* tab4_selected@2x.png */; };
		A45C13681C7590FC0004D7F4 /* tab4_selected@3x.png in Resources */ = {isa = PBXBuildFile; fileRef = A45C13641C7590FC0004D7F4 /* tab4_selected@3x.png */; };
		A45C136D1C75911A0004D7F4 /* tab1_normal@2x.png in Resources */ = {isa = PBXBuildFile; fileRef = A45C13691C75911A0004D7F4 /* tab1_normal@2x.png */; };
		A45C136E1C75911A0004D7F4 /* tab1_normal@3x.png in Resources */ = {isa = PBXBuildFile; fileRef = A45C136A1C75911A0004D7F4 /* tab1_normal@3x.png */; };
		A45C136F1C75911A0004D7F4 /* tab1_selected@2x.png in Resources */ = {isa = PBXBuildFile; fileRef = A45C136B1C75911A0004D7F4 /* tab1_selected@2x.png */; };
		A45C13701C75911A0004D7F4 /* tab1_selected@3x.png in Resources */ = {isa = PBXBuildFile; fileRef = A45C136C1C75911A0004D7F4 /* tab1_selected@3x.png */; };
		A45C13721C75A8E70004D7F4 /* HBMainTabBarController.swift in Sources */ = {isa = PBXBuildFile; fileRef = A45C13711C75A8E70004D7F4 /* HBMainTabBarController.swift */; };
		A45C13741C76C98E0004D7F4 /* HBChatViewController.swift in Sources */ = {isa = PBXBuildFile; fileRef = A45C13731C76C98E0004D7F4 /* HBChatViewController.swift */; };
		A45C137C1C7AF6B20004D7F4 /* mebubble.png in Resources */ = {isa = PBXBuildFile; fileRef = A45C13761C7AF6B20004D7F4 /* mebubble.png */; };
		A45C137D1C7AF6B20004D7F4 /* mebubble@2x.png in Resources */ = {isa = PBXBuildFile; fileRef = A45C13771C7AF6B20004D7F4 /* mebubble@2x.png */; };
		A45C137E1C7AF6B20004D7F4 /* xiaohua.png in Resources */ = {isa = PBXBuildFile; fileRef = A45C13781C7AF6B20004D7F4 /* xiaohua.png */; };
		A45C137F1C7AF6B20004D7F4 /* xiaoming.png in Resources */ = {isa = PBXBuildFile; fileRef = A45C13791C7AF6B20004D7F4 /* xiaoming.png */; };
		A45C13801C7AF6B20004D7F4 /* yoububble.png in Resources */ = {isa = PBXBuildFile; fileRef = A45C137A1C7AF6B20004D7F4 /* yoububble.png */; };
		A45C13811C7AF6B20004D7F4 /* yoububble@2x.png in Resources */ = {isa = PBXBuildFile; fileRef = A45C137B1C7AF6B20004D7F4 /* yoububble@2x.png */; };
/* End PBXBuildFile section */

/* Begin PBXFileReference section */
		046AC747EE49E4D2E977D865 /* Pods.release.xcconfig */ = {isa = PBXFileReference; includeInIndex = 1; lastKnownFileType = text.xcconfig; name = Pods.release.xcconfig; path = "Pods/Target Support Files/Pods/Pods.release.xcconfig"; sourceTree = "<group>"; };
		1CF1DA3D8C5179C532A528BD /* Pods.debug.xcconfig */ = {isa = PBXFileReference; includeInIndex = 1; lastKnownFileType = text.xcconfig; name = Pods.debug.xcconfig; path = "Pods/Target Support Files/Pods/Pods.debug.xcconfig"; sourceTree = "<group>"; };
		A45C12EC1C7168AA0004D7F4 /* HealthyBoy.app */ = {isa = PBXFileReference; explicitFileType = wrapper.application; includeInIndex = 0; path = HealthyBoy.app; sourceTree = BUILT_PRODUCTS_DIR; };
		A45C12EF1C7168AA0004D7F4 /* AppDelegate.swift */ = {isa = PBXFileReference; lastKnownFileType = sourcecode.swift; path = AppDelegate.swift; sourceTree = "<group>"; };
		A45C12F41C7168AA0004D7F4 /* Base */ = {isa = PBXFileReference; lastKnownFileType = file.storyboard; name = Base; path = Base.lproj/Main.storyboard; sourceTree = "<group>"; };
		A45C12F61C7168AA0004D7F4 /* Assets.xcassets */ = {isa = PBXFileReference; lastKnownFileType = folder.assetcatalog; path = Assets.xcassets; sourceTree = "<group>"; };
		A45C12F91C7168AA0004D7F4 /* Base */ = {isa = PBXFileReference; lastKnownFileType = file.storyboard; name = Base; path = Base.lproj/LaunchScreen.storyboard; sourceTree = "<group>"; };
		A45C12FB1C7168AA0004D7F4 /* Info.plist */ = {isa = PBXFileReference; lastKnownFileType = text.plist.xml; path = Info.plist; sourceTree = "<group>"; };
		A45C13031C716B730004D7F4 /* HBLoginViewController.swift */ = {isa = PBXFileReference; fileEncoding = 4; lastKnownFileType = sourcecode.swift; path = HBLoginViewController.swift; sourceTree = "<group>"; };
		A45C13071C717E800004D7F4 /* 1.png */ = {isa = PBXFileReference; lastKnownFileType = image.png; path = 1.png; sourceTree = "<group>"; };
		A45C130C1C72BF7E0004D7F4 /* HealthyBoy-Bridging-Header.h */ = {isa = PBXFileReference; lastKnownFileType = sourcecode.c.h; path = "HealthyBoy-Bridging-Header.h"; sourceTree = "<group>"; };
		A45C130D1C72BF7F0004D7F4 /* DKLiveBlurView.h */ = {isa = PBXFileReference; fileEncoding = 4; lastKnownFileType = sourcecode.c.h; path = DKLiveBlurView.h; sourceTree = "<group>"; };
		A45C130E1C72BF7F0004D7F4 /* DKLiveBlurView.m */ = {isa = PBXFileReference; fileEncoding = 4; lastKnownFileType = sourcecode.c.objc; path = DKLiveBlurView.m; sourceTree = "<group>"; };
		A45C13161C72D5CE0004D7F4 /* HBCommon.swift */ = {isa = PBXFileReference; fileEncoding = 4; lastKnownFileType = sourcecode.swift; path = HBCommon.swift; sourceTree = "<group>"; };
		A45C13191C72D69B0004D7F4 /* UIKit.framework */ = {isa = PBXFileReference; lastKnownFileType = wrapper.framework; name = UIKit.framework; path = System/Library/Frameworks/UIKit.framework; sourceTree = SDKROOT; };
		A45C131B1C72D6A10004D7F4 /* Foundation.framework */ = {isa = PBXFileReference; lastKnownFileType = wrapper.framework; name = Foundation.framework; path = System/Library/Frameworks/Foundation.framework; sourceTree = SDKROOT; };
		A45C13211C7313890004D7F4 /* Constraint.swift */ = {isa = PBXFileReference; fileEncoding = 4; lastKnownFileType = sourcecode.swift; path = Constraint.swift; sourceTree = "<group>"; };
		A45C13221C7313890004D7F4 /* ConstraintAttributes.swift */ = {isa = PBXFileReference; fileEncoding = 4; lastKnownFileType = sourcecode.swift; path = ConstraintAttributes.swift; sourceTree = "<group>"; };
		A45C13231C7313890004D7F4 /* ConstraintDescription.swift */ = {isa = PBXFileReference; fileEncoding = 4; lastKnownFileType = sourcecode.swift; path = ConstraintDescription.swift; sourceTree = "<group>"; };
		A45C13241C7313890004D7F4 /* ConstraintItem.swift */ = {isa = PBXFileReference; fileEncoding = 4; lastKnownFileType = sourcecode.swift; path = ConstraintItem.swift; sourceTree = "<group>"; };
		A45C13251C7313890004D7F4 /* ConstraintMaker.swift */ = {isa = PBXFileReference; fileEncoding = 4; lastKnownFileType = sourcecode.swift; path = ConstraintMaker.swift; sourceTree = "<group>"; };
		A45C13261C7313890004D7F4 /* ConstraintRelation.swift */ = {isa = PBXFileReference; fileEncoding = 4; lastKnownFileType = sourcecode.swift; path = ConstraintRelation.swift; sourceTree = "<group>"; };
		A45C13271C7313890004D7F4 /* Debugging.swift */ = {isa = PBXFileReference; fileEncoding = 4; lastKnownFileType = sourcecode.swift; path = Debugging.swift; sourceTree = "<group>"; };
		A45C13281C7313890004D7F4 /* EdgeInsets.swift */ = {isa = PBXFileReference; fileEncoding = 4; lastKnownFileType = sourcecode.swift; path = EdgeInsets.swift; sourceTree = "<group>"; };
		A45C13291C7313890004D7F4 /* LayoutConstraint.swift */ = {isa = PBXFileReference; fileEncoding = 4; lastKnownFileType = sourcecode.swift; path = LayoutConstraint.swift; sourceTree = "<group>"; };
		A45C132A1C7313890004D7F4 /* SnapKit.swift */ = {isa = PBXFileReference; fileEncoding = 4; lastKnownFileType = sourcecode.swift; path = SnapKit.swift; sourceTree = "<group>"; };
		A45C132B1C7313890004D7F4 /* View+SnapKit.swift */ = {isa = PBXFileReference; fileEncoding = 4; lastKnownFileType = sourcecode.swift; path = "View+SnapKit.swift"; sourceTree = "<group>"; };
		A45C132C1C7313890004D7F4 /* ViewController+SnapKit.swift */ = {isa = PBXFileReference; fileEncoding = 4; lastKnownFileType = sourcecode.swift; path = "ViewController+SnapKit.swift"; sourceTree = "<group>"; };
		A45C133B1C732A310004D7F4 /* HBAuthViewController.swift */ = {isa = PBXFileReference; fileEncoding = 4; lastKnownFileType = sourcecode.swift; path = HBAuthViewController.swift; sourceTree = "<group>"; };
		A45C133D1C740ABD0004D7F4 /* HBBaseViewController.swift */ = {isa = PBXFileReference; fileEncoding = 4; lastKnownFileType = sourcecode.swift; path = HBBaseViewController.swift; sourceTree = "<group>"; };
		A45C133F1C741F510004D7F4 /* UIColor+Extension.h */ = {isa = PBXFileReference; fileEncoding = 4; lastKnownFileType = sourcecode.c.h; path = "UIColor+Extension.h"; sourceTree = "<group>"; };
		A45C13401C741F510004D7F4 /* UIColor+Extension.m */ = {isa = PBXFileReference; fileEncoding = 4; lastKnownFileType = sourcecode.c.objc; path = "UIColor+Extension.m"; sourceTree = "<group>"; };
		A45C13451C745F460004D7F4 /* CoreLocation.framework */ = {isa = PBXFileReference; lastKnownFileType = wrapper.framework; name = CoreLocation.framework; path = System/Library/Frameworks/CoreLocation.framework; sourceTree = SDKROOT; };
		A45C13471C745F520004D7F4 /* SystemConfiguration.framework */ = {isa = PBXFileReference; lastKnownFileType = wrapper.framework; name = SystemConfiguration.framework; path = System/Library/Frameworks/SystemConfiguration.framework; sourceTree = SDKROOT; };
		A45C13491C745F5A0004D7F4 /* CoreData.framework */ = {isa = PBXFileReference; lastKnownFileType = wrapper.framework; name = CoreData.framework; path = System/Library/Frameworks/CoreData.framework; sourceTree = SDKROOT; };
		A45C134B1C745F620004D7F4 /* CFNetwork.framework */ = {isa = PBXFileReference; lastKnownFileType = wrapper.framework; name = CFNetwork.framework; path = System/Library/Frameworks/CFNetwork.framework; sourceTree = SDKROOT; };
		A45C134D1C745F700004D7F4 /* libresolv.9.tbd */ = {isa = PBXFileReference; lastKnownFileType = "sourcecode.text-based-dylib-definition"; name = libresolv.9.tbd; path = usr/lib/libresolv.9.tbd; sourceTree = SDKROOT; };
		A45C134F1C745F780004D7F4 /* libxml2.2.tbd */ = {isa = PBXFileReference; lastKnownFileType = "sourcecode.text-based-dylib-definition"; name = libxml2.2.tbd; path = usr/lib/libxml2.2.tbd; sourceTree = SDKROOT; };
		A45C13511C745F820004D7F4 /* CoreGraphics.framework */ = {isa = PBXFileReference; lastKnownFileType = wrapper.framework; name = CoreGraphics.framework; path = System/Library/Frameworks/CoreGraphics.framework; sourceTree = SDKROOT; };
		A45C13531C7467A50004D7F4 /* HBCenterController.swift */ = {isa = PBXFileReference; fileEncoding = 4; lastKnownFileType = sourcecode.swift; path = HBCenterController.swift; sourceTree = "<group>"; };
		A45C13561C74719E0004D7F4 /* HBMessage.swift */ = {isa = PBXFileReference; fileEncoding = 4; lastKnownFileType = sourcecode.swift; path = HBMessage.swift; sourceTree = "<group>"; };
		A45C13581C7472A70004D7F4 /* HBUserStatusDelegate.swift */ = {isa = PBXFileReference; fileEncoding = 4; lastKnownFileType = sourcecode.swift; path = HBUserStatusDelegate.swift; sourceTree = "<group>"; };
		A45C135A1C7472BA0004D7F4 /* HBMessageDelegate.swift */ = {isa = PBXFileReference; fileEncoding = 4; lastKnownFileType = sourcecode.swift; path = HBMessageDelegate.swift; sourceTree = "<group>"; };
		A45C135C1C756E200004D7F4 /* HBContactsViewController.swift */ = {isa = PBXFileReference; fileEncoding = 4; lastKnownFileType = sourcecode.swift; path = HBContactsViewController.swift; sourceTree = "<group>"; };
		A45C13611C7590FC0004D7F4 /* tab4_normal@2x.png */ = {isa = PBXFileReference; lastKnownFileType = image.png; path = "tab4_normal@2x.png"; sourceTree = "<group>"; };
		A45C13621C7590FC0004D7F4 /* tab4_normal@3x.png */ = {isa = PBXFileReference; lastKnownFileType = image.png; path = "tab4_normal@3x.png"; sourceTree = "<group>"; };
		A45C13631C7590FC0004D7F4 /* tab4_selected@2x.png */ = {isa = PBXFileReference; lastKnownFileType = image.png; path = "tab4_selected@2x.png"; sourceTree = "<group>"; };
		A45C13641C7590FC0004D7F4 /* tab4_selected@3x.png */ = {isa = PBXFileReference; lastKnownFileType = image.png; path = "tab4_selected@3x.png"; sourceTree = "<group>"; };
		A45C13691C75911A0004D7F4 /* tab1_normal@2x.png */ = {isa = PBXFileReference; lastKnownFileType = image.png; path = "tab1_normal@2x.png"; sourceTree = "<group>"; };
		A45C136A1C75911A0004D7F4 /* tab1_normal@3x.png */ = {isa = PBXFileReference; lastKnownFileType = image.png; path = "tab1_normal@3x.png"; sourceTree = "<group>"; };
		A45C136B1C75911A0004D7F4 /* tab1_selected@2x.png */ = {isa = PBXFileReference; lastKnownFileType = image.png; path = "tab1_selected@2x.png"; sourceTree = "<group>"; };
		A45C136C1C75911A0004D7F4 /* tab1_selected@3x.png */ = {isa = PBXFileReference; lastKnownFileType = image.png; path = "tab1_selected@3x.png"; sourceTree = "<group>"; };
		A45C13711C75A8E70004D7F4 /* HBMainTabBarController.swift */ = {isa = PBXFileReference; fileEncoding = 4; lastKnownFileType = sourcecode.swift; path = HBMainTabBarController.swift; sourceTree = "<group>"; };
		A45C13731C76C98E0004D7F4 /* HBChatViewController.swift */ = {isa = PBXFileReference; fileEncoding = 4; lastKnownFileType = sourcecode.swift; path = HBChatViewController.swift; sourceTree = "<group>"; };
		A45C13761C7AF6B20004D7F4 /* mebubble.png */ = {isa = PBXFileReference; lastKnownFileType = image.png; path = mebubble.png; sourceTree = "<group>"; };
		A45C13771C7AF6B20004D7F4 /* mebubble@2x.png */ = {isa = PBXFileReference; lastKnownFileType = image.png; path = "mebubble@2x.png"; sourceTree = "<group>"; };
		A45C13781C7AF6B20004D7F4 /* xiaohua.png */ = {isa = PBXFileReference; lastKnownFileType = image.png; path = xiaohua.png; sourceTree = "<group>"; };
		A45C13791C7AF6B20004D7F4 /* xiaoming.png */ = {isa = PBXFileReference; lastKnownFileType = image.png; path = xiaoming.png; sourceTree = "<group>"; };
		A45C137A1C7AF6B20004D7F4 /* yoububble.png */ = {isa = PBXFileReference; lastKnownFileType = image.png; path = yoububble.png; sourceTree = "<group>"; };
		A45C137B1C7AF6B20004D7F4 /* yoububble@2x.png */ = {isa = PBXFileReference; lastKnownFileType = image.png; path = "yoububble@2x.png"; sourceTree = "<group>"; };
		E5689B9AF37A17BFC23848B4 /* Pods.framework */ = {isa = PBXFileReference; explicitFileType = wrapper.framework; includeInIndex = 0; path = Pods.framework; sourceTree = BUILT_PRODUCTS_DIR; };
/* End PBXFileReference section */

/* Begin PBXFrameworksBuildPhase section */
		A45C12E91C7168AA0004D7F4 /* Frameworks */ = {
			isa = PBXFrameworksBuildPhase;
			buildActionMask = 2147483647;
			files = (
				A45C13521C745F820004D7F4 /* CoreGraphics.framework in Frameworks */,
				A45C13501C745F780004D7F4 /* libxml2.2.tbd in Frameworks */,
				A45C134E1C745F700004D7F4 /* libresolv.9.tbd in Frameworks */,
				A45C134C1C745F620004D7F4 /* CFNetwork.framework in Frameworks */,
				A45C134A1C745F5A0004D7F4 /* CoreData.framework in Frameworks */,
				A45C13481C745F520004D7F4 /* SystemConfiguration.framework in Frameworks */,
				A45C13461C745F460004D7F4 /* CoreLocation.framework in Frameworks */,
				A45C131C1C72D6A10004D7F4 /* Foundation.framework in Frameworks */,
				A45C131A1C72D69B0004D7F4 /* UIKit.framework in Frameworks */,
				807D87C5D14EF26C41442901 /* Pods.framework in Frameworks */,
			);
			runOnlyForDeploymentPostprocessing = 0;
		};
/* End PBXFrameworksBuildPhase section */

/* Begin PBXGroup section */
		8F187D65190129D865DF5242 /* Frameworks */ = {
			isa = PBXGroup;
			children = (
				A45C131B1C72D6A10004D7F4 /* Foundation.framework */,
				A45C13191C72D69B0004D7F4 /* UIKit.framework */,
				A45C13511C745F820004D7F4 /* CoreGraphics.framework */,
				A45C134F1C745F780004D7F4 /* libxml2.2.tbd */,
				A45C134D1C745F700004D7F4 /* libresolv.9.tbd */,
				A45C134B1C745F620004D7F4 /* CFNetwork.framework */,
				A45C13491C745F5A0004D7F4 /* CoreData.framework */,
				A45C13471C745F520004D7F4 /* SystemConfiguration.framework */,
				A45C13451C745F460004D7F4 /* CoreLocation.framework */,
				E5689B9AF37A17BFC23848B4 /* Pods.framework */,
			);
			name = Frameworks;
			sourceTree = "<group>";
		};
		A45C12E31C7168AA0004D7F4 = {
			isa = PBXGroup;
			children = (
				A45C12EE1C7168AA0004D7F4 /* HealthyBoy */,
				A45C12ED1C7168AA0004D7F4 /* Products */,
				B3621B152587FDB3763957E5 /* Pods */,
				8F187D65190129D865DF5242 /* Frameworks */,
			);
			sourceTree = "<group>";
		};
		A45C12ED1C7168AA0004D7F4 /* Products */ = {
			isa = PBXGroup;
			children = (
				A45C12EC1C7168AA0004D7F4 /* HealthyBoy.app */,
			);
			name = Products;
			sourceTree = "<group>";
		};
		A45C12EE1C7168AA0004D7F4 /* HealthyBoy */ = {
			isa = PBXGroup;
			children = (
				A45C13601C7579AB0004D7F4 /* home */,
				A45C135F1C7579910004D7F4 /* contacts */,
				A45C13551C74718A0004D7F4 /* xmpp */,
				A45C13151C72D5820004D7F4 /* common */,
				A45C13141C72D4970004D7F4 /* other */,
				A45C13131C72D20D0004D7F4 /* login */,
				A45C13121C72D1BF0004D7F4 /* srouce */,
				A45C13101C72D18A0004D7F4 /* thirdClasses */,
				A45C13531C7467A50004D7F4 /* HBCenterController.swift */,
			);
			path = HealthyBoy;
			sourceTree = "<group>";
		};
		A45C13101C72D18A0004D7F4 /* thirdClasses */ = {
			isa = PBXGroup;
			children = (
				A45C13441C7426B40004D7F4 /* color */,
				A45C131D1C7313890004D7F4 /* SnapKit */,
				A45C13111C72D1AA0004D7F4 /* view */,
			);
			name = thirdClasses;
			sourceTree = "<group>";
		};
		A45C13111C72D1AA0004D7F4 /* view */ = {
			isa = PBXGroup;
			children = (
				A45C130D1C72BF7F0004D7F4 /* DKLiveBlurView.h */,
				A45C130E1C72BF7F0004D7F4 /* DKLiveBlurView.m */,
			);
			name = view;
			sourceTree = "<group>";
		};
		A45C13121C72D1BF0004D7F4 /* srouce */ = {
			isa = PBXGroup;
			children = (
				A45C13761C7AF6B20004D7F4 /* mebubble.png */,
				A45C13771C7AF6B20004D7F4 /* mebubble@2x.png */,
				A45C13781C7AF6B20004D7F4 /* xiaohua.png */,
				A45C13791C7AF6B20004D7F4 /* xiaoming.png */,
				A45C137A1C7AF6B20004D7F4 /* yoububble.png */,
				A45C137B1C7AF6B20004D7F4 /* yoububble@2x.png */,
				A45C13691C75911A0004D7F4 /* tab1_normal@2x.png */,
				A45C136A1C75911A0004D7F4 /* tab1_normal@3x.png */,
				A45C136B1C75911A0004D7F4 /* tab1_selected@2x.png */,
				A45C136C1C75911A0004D7F4 /* tab1_selected@3x.png */,
				A45C13611C7590FC0004D7F4 /* tab4_normal@2x.png */,
				A45C13621C7590FC0004D7F4 /* tab4_normal@3x.png */,
				A45C13631C7590FC0004D7F4 /* tab4_selected@2x.png */,
				A45C13641C7590FC0004D7F4 /* tab4_selected@3x.png */,
				A45C12FB1C7168AA0004D7F4 /* Info.plist */,
				A45C12F31C7168AA0004D7F4 /* Main.storyboard */,
				A45C12F61C7168AA0004D7F4 /* Assets.xcassets */,
				A45C12F81C7168AA0004D7F4 /* LaunchScreen.storyboard */,
				A45C13071C717E800004D7F4 /* 1.png */,
			);
			name = srouce;
			sourceTree = "<group>";
		};
		A45C13131C72D20D0004D7F4 /* login */ = {
			isa = PBXGroup;
			children = (
				A45C13031C716B730004D7F4 /* HBLoginViewController.swift */,
				A45C133B1C732A310004D7F4 /* HBAuthViewController.swift */,
			);
			name = login;
			sourceTree = "<group>";
		};
		A45C13141C72D4970004D7F4 /* other */ = {
			isa = PBXGroup;
			children = (
				A45C12EF1C7168AA0004D7F4 /* AppDelegate.swift */,
				A45C130C1C72BF7E0004D7F4 /* HealthyBoy-Bridging-Header.h */,
			);
			name = other;
			sourceTree = "<group>";
		};
		A45C13151C72D5820004D7F4 /* common */ = {
			isa = PBXGroup;
			children = (
				A45C13161C72D5CE0004D7F4 /* HBCommon.swift */,
				A45C133D1C740ABD0004D7F4 /* HBBaseViewController.swift */,
				A45C13711C75A8E70004D7F4 /* HBMainTabBarController.swift */,
			);
			name = common;
			sourceTree = "<group>";
		};
		A45C131D1C7313890004D7F4 /* SnapKit */ = {
			isa = PBXGroup;
			children = (
				A45C13201C7313890004D7F4 /* Source */,
			);
			path = SnapKit;
			sourceTree = "<group>";
		};
		A45C13201C7313890004D7F4 /* Source */ = {
			isa = PBXGroup;
			children = (
				A45C13211C7313890004D7F4 /* Constraint.swift */,
				A45C13221C7313890004D7F4 /* ConstraintAttributes.swift */,
				A45C13231C7313890004D7F4 /* ConstraintDescription.swift */,
				A45C13241C7313890004D7F4 /* ConstraintItem.swift */,
				A45C13251C7313890004D7F4 /* ConstraintMaker.swift */,
				A45C13261C7313890004D7F4 /* ConstraintRelation.swift */,
				A45C13271C7313890004D7F4 /* Debugging.swift */,
				A45C13281C7313890004D7F4 /* EdgeInsets.swift */,
				A45C13291C7313890004D7F4 /* LayoutConstraint.swift */,
				A45C132A1C7313890004D7F4 /* SnapKit.swift */,
				A45C132B1C7313890004D7F4 /* View+SnapKit.swift */,
				A45C132C1C7313890004D7F4 /* ViewController+SnapKit.swift */,
			);
			path = Source;
			sourceTree = "<group>";
		};
		A45C13441C7426B40004D7F4 /* color */ = {
			isa = PBXGroup;
			children = (
				A45C133F1C741F510004D7F4 /* UIColor+Extension.h */,
				A45C13401C741F510004D7F4 /* UIColor+Extension.m */,
			);
			name = color;
			sourceTree = "<group>";
		};
		A45C13551C74718A0004D7F4 /* xmpp */ = {
			isa = PBXGroup;
			children = (
				A45C13561C74719E0004D7F4 /* HBMessage.swift */,
				A45C13581C7472A70004D7F4 /* HBUserStatusDelegate.swift */,
				A45C135A1C7472BA0004D7F4 /* HBMessageDelegate.swift */,
			);
			name = xmpp;
			sourceTree = "<group>";
		};
		A45C135E1C756E3F0004D7F4 /* conroller */ = {
			isa = PBXGroup;
			children = (
				A45C135C1C756E200004D7F4 /* HBContactsViewController.swift */,
				A45C13731C76C98E0004D7F4 /* HBChatViewController.swift */,
			);
			name = conroller;
			sourceTree = "<group>";
		};
		A45C135F1C7579910004D7F4 /* contacts */ = {
			isa = PBXGroup;
			children = (
				A45C135E1C756E3F0004D7F4 /* conroller */,
			);
			name = contacts;
			sourceTree = "<group>";
		};
		A45C13601C7579AB0004D7F4 /* home */ = {
			isa = PBXGroup;
			children = (
			);
			name = home;
			sourceTree = "<group>";
		};
		B3621B152587FDB3763957E5 /* Pods */ = {
			isa = PBXGroup;
			children = (
				1CF1DA3D8C5179C532A528BD /* Pods.debug.xcconfig */,
				046AC747EE49E4D2E977D865 /* Pods.release.xcconfig */,
			);
			name = Pods;
			sourceTree = "<group>";
		};
/* End PBXGroup section */

/* Begin PBXNativeTarget section */
		A45C12EB1C7168AA0004D7F4 /* HealthyBoy */ = {
			isa = PBXNativeTarget;
			buildConfigurationList = A45C12FE1C7168AA0004D7F4 /* Build configuration list for PBXNativeTarget "HealthyBoy" */;
			buildPhases = (
				FBFEC793B70AEB313C858D66 /* Check Pods Manifest.lock */,
				A45C12E81C7168AA0004D7F4 /* Sources */,
				A45C12E91C7168AA0004D7F4 /* Frameworks */,
				A45C12EA1C7168AA0004D7F4 /* Resources */,
				6F873D6821BA9B5C7B7A8D5C /* Copy Pods Resources */,
				CF2F17E3B23950B9393C4115 /* Embed Pods Frameworks */,
			);
			buildRules = (
			);
			dependencies = (
			);
			name = HealthyBoy;
			productName = HealthyBoy;
			productReference = A45C12EC1C7168AA0004D7F4 /* HealthyBoy.app */;
			productType = "com.apple.product-type.application";
		};
/* End PBXNativeTarget section */

/* Begin PBXProject section */
		A45C12E41C7168AA0004D7F4 /* Project object */ = {
			isa = PBXProject;
			attributes = {
				LastSwiftUpdateCheck = 0720;
				LastUpgradeCheck = 0720;
				ORGANIZATIONNAME = jszx;
				TargetAttributes = {
					A45C12EB1C7168AA0004D7F4 = {
						CreatedOnToolsVersion = 7.2;
					};
				};
			};
			buildConfigurationList = A45C12E71C7168AA0004D7F4 /* Build configuration list for PBXProject "HealthyBoy" */;
			compatibilityVersion = "Xcode 3.2";
			developmentRegion = English;
			hasScannedForEncodings = 0;
			knownRegions = (
				en,
				Base,
			);
			mainGroup = A45C12E31C7168AA0004D7F4;
			productRefGroup = A45C12ED1C7168AA0004D7F4 /* Products */;
			projectDirPath = "";
			projectRoot = "";
			targets = (
				A45C12EB1C7168AA0004D7F4 /* HealthyBoy */,
			);
		};
/* End PBXProject section */

/* Begin PBXResourcesBuildPhase section */
		A45C12EA1C7168AA0004D7F4 /* Resources */ = {
			isa = PBXResourcesBuildPhase;
			buildActionMask = 2147483647;
			files = (
				A45C12FA1C7168AA0004D7F4 /* LaunchScreen.storyboard in Resources */,
				A45C136D1C75911A0004D7F4 /* tab1_normal@2x.png in Resources */,
				A45C136E1C75911A0004D7F4 /* tab1_normal@3x.png in Resources */,
				A45C13081C717E800004D7F4 /* 1.png in Resources */,
				A45C13811C7AF6B20004D7F4 /* yoububble@2x.png in Resources */,
				A45C13651C7590FC0004D7F4 /* tab4_normal@2x.png in Resources */,
				A45C137D1C7AF6B20004D7F4 /* mebubble@2x.png in Resources */,
				A45C136F1C75911A0004D7F4 /* tab1_selected@2x.png in Resources */,
				A45C12F71C7168AA0004D7F4 /* Assets.xcassets in Resources */,
				A45C13671C7590FC0004D7F4 /* tab4_selected@2x.png in Resources */,
				A45C13801C7AF6B20004D7F4 /* yoububble.png in Resources */,
				A45C13661C7590FC0004D7F4 /* tab4_normal@3x.png in Resources */,
				A45C137F1C7AF6B20004D7F4 /* xiaoming.png in Resources */,
				A45C137C1C7AF6B20004D7F4 /* mebubble.png in Resources */,
				A45C13681C7590FC0004D7F4 /* tab4_selected@3x.png in Resources */,
				A45C12F51C7168AA0004D7F4 /* Main.storyboard in Resources */,
				A45C137E1C7AF6B20004D7F4 /* xiaohua.png in Resources */,
				A45C13701C75911A0004D7F4 /* tab1_selected@3x.png in Resources */,
			);
			runOnlyForDeploymentPostprocessing = 0;
		};
/* End PBXResourcesBuildPhase section */

/* Begin PBXShellScriptBuildPhase section */
		6F873D6821BA9B5C7B7A8D5C /* Copy Pods Resources */ = {
			isa = PBXShellScriptBuildPhase;
			buildActionMask = 2147483647;
			files = (
			);
			inputPaths = (
			);
			name = "Copy Pods Resources";
			outputPaths = (
			);
			runOnlyForDeploymentPostprocessing = 0;
			shellPath = /bin/sh;
			shellScript = "\"${SRCROOT}/Pods/Target Support Files/Pods/Pods-resources.sh\"\n";
			showEnvVarsInLog = 0;
		};
		CF2F17E3B23950B9393C4115 /* Embed Pods Frameworks */ = {
			isa = PBXShellScriptBuildPhase;
			buildActionMask = 2147483647;
			files = (
			);
			inputPaths = (
			);
			name = "Embed Pods Frameworks";
			outputPaths = (
			);
			runOnlyForDeploymentPostprocessing = 0;
			shellPath = /bin/sh;
			shellScript = "\"${SRCROOT}/Pods/Target Support Files/Pods/Pods-frameworks.sh\"\n";
			showEnvVarsInLog = 0;
		};
		FBFEC793B70AEB313C858D66 /* Check Pods Manifest.lock */ = {
			isa = PBXShellScriptBuildPhase;
			buildActionMask = 2147483647;
			files = (
			);
			inputPaths = (
			);
			name = "Check Pods Manifest.lock";
			outputPaths = (
			);
			runOnlyForDeploymentPostprocessing = 0;
			shellPath = /bin/sh;
			shellScript = "diff \"${PODS_ROOT}/../Podfile.lock\" \"${PODS_ROOT}/Manifest.lock\" > /dev/null\nif [[ $? != 0 ]] ; then\n    cat << EOM\nerror: The sandbox is not in sync with the Podfile.lock. Run 'pod install' or update your CocoaPods installation.\nEOM\n    exit 1\nfi\n";
			showEnvVarsInLog = 0;
		};
/* End PBXShellScriptBuildPhase section */

/* Begin PBXSourcesBuildPhase section */
		A45C12E81C7168AA0004D7F4 /* Sources */ = {
			isa = PBXSourcesBuildPhase;
			buildActionMask = 2147483647;
			files = (
				A45C13361C7313890004D7F4 /* EdgeInsets.swift in Sources */,
				A45C132F1C7313890004D7F4 /* Constraint.swift in Sources */,
				A45C13331C7313890004D7F4 /* ConstraintMaker.swift in Sources */,
				A45C13341C7313890004D7F4 /* ConstraintRelation.swift in Sources */,
				A45C13171C72D5CE0004D7F4 /* HBCommon.swift in Sources */,
				A45C13301C7313890004D7F4 /* ConstraintAttributes.swift in Sources */,
				A45C13721C75A8E70004D7F4 /* HBMainTabBarController.swift in Sources */,
				A45C13041C716B730004D7F4 /* HBLoginViewController.swift in Sources */,
				A45C13411C741F510004D7F4 /* UIColor+Extension.m in Sources */,
				A45C135B1C7472BA0004D7F4 /* HBMessageDelegate.swift in Sources */,
				A45C13381C7313890004D7F4 /* SnapKit.swift in Sources */,
				A45C13571C74719E0004D7F4 /* HBMessage.swift in Sources */,
				A45C12F01C7168AA0004D7F4 /* AppDelegate.swift in Sources */,
				A45C130F1C72BF7F0004D7F4 /* DKLiveBlurView.m in Sources */,
				A45C13541C7467A50004D7F4 /* HBCenterController.swift in Sources */,
				A45C13311C7313890004D7F4 /* ConstraintDescription.swift in Sources */,
				A45C13351C7313890004D7F4 /* Debugging.swift in Sources */,
				A45C13391C7313890004D7F4 /* View+SnapKit.swift in Sources */,
				A45C13371C7313890004D7F4 /* LayoutConstraint.swift in Sources */,
				A45C135D1C756E200004D7F4 /* HBContactsViewController.swift in Sources */,
				A45C13321C7313890004D7F4 /* ConstraintItem.swift in Sources */,
				A45C133C1C732A310004D7F4 /* HBAuthViewController.swift in Sources */,
				A45C13591C7472A70004D7F4 /* HBUserStatusDelegate.swift in Sources */,
				A45C133A1C7313890004D7F4 /* ViewController+SnapKit.swift in Sources */,
				A45C13741C76C98E0004D7F4 /* HBChatViewController.swift in Sources */,
				A45C133E1C740ABD0004D7F4 /* HBBaseViewController.swift in Sources */,
			);
			runOnlyForDeploymentPostprocessing = 0;
		};
/* End PBXSourcesBuildPhase section */

/* Begin PBXVariantGroup section */
		A45C12F31C7168AA0004D7F4 /* Main.storyboard */ = {
			isa = PBXVariantGroup;
			children = (
				A45C12F41C7168AA0004D7F4 /* Base */,
			);
			name = Main.storyboard;
			sourceTree = "<group>";
		};
		A45C12F81C7168AA0004D7F4 /* LaunchScreen.storyboard */ = {
			isa = PBXVariantGroup;
			children = (
				A45C12F91C7168AA0004D7F4 /* Base */,
			);
			name = LaunchScreen.storyboard;
			sourceTree = "<group>";
		};
/* End PBXVariantGroup section */

/* Begin XCBuildConfiguration section */
		A45C12FC1C7168AA0004D7F4 /* Debug */ = {
			isa = XCBuildConfiguration;
			buildSettings = {
				ALWAYS_SEARCH_USER_PATHS = NO;
				CLANG_CXX_LANGUAGE_STANDARD = "gnu++0x";
				CLANG_CXX_LIBRARY = "libc++";
				CLANG_ENABLE_MODULES = YES;
				CLANG_ENABLE_OBJC_ARC = YES;
				CLANG_WARN_BOOL_CONVERSION = YES;
				CLANG_WARN_CONSTANT_CONVERSION = YES;
				CLANG_WARN_DIRECT_OBJC_ISA_USAGE = YES_ERROR;
				CLANG_WARN_EMPTY_BODY = YES;
				CLANG_WARN_ENUM_CONVERSION = YES;
				CLANG_WARN_INT_CONVERSION = YES;
				CLANG_WARN_OBJC_ROOT_CLASS = YES_ERROR;
				CLANG_WARN_UNREACHABLE_CODE = YES;
				CLANG_WARN__DUPLICATE_METHOD_MATCH = YES;
				"CODE_SIGN_IDENTITY[sdk=iphoneos*]" = "iPhone Developer";
				COPY_PHASE_STRIP = NO;
				DEBUG_INFORMATION_FORMAT = dwarf;
				ENABLE_STRICT_OBJC_MSGSEND = YES;
				ENABLE_TESTABILITY = YES;
				GCC_C_LANGUAGE_STANDARD = gnu99;
				GCC_DYNAMIC_NO_PIC = NO;
				GCC_NO_COMMON_BLOCKS = YES;
				GCC_OPTIMIZATION_LEVEL = 0;
				GCC_PREPROCESSOR_DEFINITIONS = (
					"DEBUG=1",
					"$(inherited)",
				);
				GCC_WARN_64_TO_32_BIT_CONVERSION = YES;
				GCC_WARN_ABOUT_RETURN_TYPE = YES_ERROR;
				GCC_WARN_UNDECLARED_SELECTOR = YES;
				GCC_WARN_UNINITIALIZED_AUTOS = YES_AGGRESSIVE;
				GCC_WARN_UNUSED_FUNCTION = YES;
				GCC_WARN_UNUSED_VARIABLE = YES;
				IPHONEOS_DEPLOYMENT_TARGET = 9.2;
				MTL_ENABLE_DEBUG_INFO = YES;
				ONLY_ACTIVE_ARCH = YES;
				SDKROOT = iphoneos;
				SWIFT_OPTIMIZATION_LEVEL = "-Onone";
				TARGETED_DEVICE_FAMILY = "1,2";
			};
			name = Debug;
		};
		A45C12FD1C7168AA0004D7F4 /* Release */ = {
			isa = XCBuildConfiguration;
			buildSettings = {
				ALWAYS_SEARCH_USER_PATHS = NO;
				CLANG_CXX_LANGUAGE_STANDARD = "gnu++0x";
				CLANG_CXX_LIBRARY = "libc++";
				CLANG_ENABLE_MODULES = YES;
				CLANG_ENABLE_OBJC_ARC = YES;
				CLANG_WARN_BOOL_CONVERSION = YES;
				CLANG_WARN_CONSTANT_CONVERSION = YES;
				CLANG_WARN_DIRECT_OBJC_ISA_USAGE = YES_ERROR;
				CLANG_WARN_EMPTY_BODY = YES;
				CLANG_WARN_ENUM_CONVERSION = YES;
				CLANG_WARN_INT_CONVERSION = YES;
				CLANG_WARN_OBJC_ROOT_CLASS = YES_ERROR;
				CLANG_WARN_UNREACHABLE_CODE = YES;
				CLANG_WARN__DUPLICATE_METHOD_MATCH = YES;
				"CODE_SIGN_IDENTITY[sdk=iphoneos*]" = "iPhone Developer";
				COPY_PHASE_STRIP = NO;
				DEBUG_INFORMATION_FORMAT = "dwarf-with-dsym";
				ENABLE_NS_ASSERTIONS = NO;
				ENABLE_STRICT_OBJC_MSGSEND = YES;
				GCC_C_LANGUAGE_STANDARD = gnu99;
				GCC_NO_COMMON_BLOCKS = YES;
				GCC_WARN_64_TO_32_BIT_CONVERSION = YES;
				GCC_WARN_ABOUT_RETURN_TYPE = YES_ERROR;
				GCC_WARN_UNDECLARED_SELECTOR = YES;
				GCC_WARN_UNINITIALIZED_AUTOS = YES_AGGRESSIVE;
				GCC_WARN_UNUSED_FUNCTION = YES;
				GCC_WARN_UNUSED_VARIABLE = YES;
				IPHONEOS_DEPLOYMENT_TARGET = 9.2;
				MTL_ENABLE_DEBUG_INFO = NO;
				SDKROOT = iphoneos;
				TARGETED_DEVICE_FAMILY = "1,2";
				VALIDATE_PRODUCT = YES;
			};
			name = Release;
		};
		A45C12FF1C7168AA0004D7F4 /* Debug */ = {
			isa = XCBuildConfiguration;
			baseConfigurationReference = 1CF1DA3D8C5179C532A528BD /* Pods.debug.xcconfig */;
			buildSettings = {
				ASSETCATALOG_COMPILER_APPICON_NAME = AppIcon;
				CLANG_ENABLE_MODULES = YES;
				INFOPLIST_FILE = HealthyBoy/Info.plist;
				IPHONEOS_DEPLOYMENT_TARGET = 8.0;
				LD_RUNPATH_SEARCH_PATHS = "$(inherited) @executable_path/Frameworks";
				OTHER_LDFLAGS = "$(inherited)";
				PRODUCT_BUNDLE_IDENTIFIER = com.HealthyBoy;
				PRODUCT_NAME = "$(TARGET_NAME)";
				SWIFT_OBJC_BRIDGING_HEADER = "HealthyBoy/HealthyBoy-Bridging-Header.h";
				SWIFT_OPTIMIZATION_LEVEL = "-Onone";
			};
			name = Debug;
		};
		A45C13001C7168AA0004D7F4 /* Release */ = {
			isa = XCBuildConfiguration;
			baseConfigurationReference = 046AC747EE49E4D2E977D865 /* Pods.release.xcconfig */;
			buildSettings = {
				ASSETCATALOG_COMPILER_APPICON_NAME = AppIcon;
				CLANG_ENABLE_MODULES = YES;
				INFOPLIST_FILE = HealthyBoy/Info.plist;
				IPHONEOS_DEPLOYMENT_TARGET = 8.0;
				LD_RUNPATH_SEARCH_PATHS = "$(inherited) @executable_path/Frameworks";
				OTHER_LDFLAGS = "$(inherited)";
				PRODUCT_BUNDLE_IDENTIFIER = com.HealthyBoy;
				PRODUCT_NAME = "$(TARGET_NAME)";
				SWIFT_OBJC_BRIDGING_HEADER = "HealthyBoy/HealthyBoy-Bridging-Header.h";
			};
			name = Release;
		};
/* End XCBuildConfiguration section */

/* Begin XCConfigurationList section */
		A45C12E71C7168AA0004D7F4 /* Build configuration list for PBXProject "HealthyBoy" */ = {
			isa = XCConfigurationList;
			buildConfigurations = (
				A45C12FC1C7168AA0004D7F4 /* Debug */,
				A45C12FD1C7168AA0004D7F4 /* Release */,
			);
			defaultConfigurationIsVisible = 0;
			defaultConfigurationName = Release;
		};
		A45C12FE1C7168AA0004D7F4 /* Build configuration list for PBXNativeTarget "HealthyBoy" */ = {
			isa = XCConfigurationList;
			buildConfigurations = (
				A45C12FF1C7168AA0004D7F4 /* Debug */,
				A45C13001C7168AA0004D7F4 /* Release */,
			);
			defaultConfigurationIsVisible = 0;
			defaultConfigurationName = Release;
		};
/* End XCConfigurationList section */
	};
	rootObject = A45C12E41C7168AA0004D7F4 /* Project object */;
}
